
Microsoft Visual Studio Solution File, Format Version 12.00
# Visual Studio 2012
Project("{E24C65DC-7377-472B-9ABA-BC803B73C61A}") = "HocLapTrinhWeb", "HocLapTrinhWeb\", "{8E7A6398-F5DE-4158-8A86-ADCFB0114B83}"
	ProjectSection(WebsiteProperties) = preProject
		SccProjectName = "Svn"
		SccAuxPath = "Svn"
		SccLocalPath = "Svn"
		SccProvider = "SubversionScc"
		TargetFrameworkMoniker = ".NETFramework,Version%3Dv4.0"
		ProjectReferences = "{74D8ED7C-1363-4E9B-9640-771409D3599E}|HocLapTrinhWeb.BLL.dll;{4B2A1A68-1A24-424A-95BB-29475FB4E10B}|HocLapTrinhWeb.UI.dll;{5EED6170-8745-4082-8497-CB0054B4FC36}|HocLapTrinhWeb.DAL.dll;{7A40BEF4-9D2D-40EB-BFE1-772257CAF3F1}|HocLapTrinhWeb.Utilities.dll;"
		Debug.AspNetCompiler.VirtualPath = "/HocLapTrinhWeb"
		Debug.AspNetCompiler.PhysicalPath = "HocLapTrinhWeb\"
		Debug.AspNetCompiler.TargetPath = "PrecompiledWeb\HocLapTrinhWeb\"
		Debug.AspNetCompiler.Updateable = "true"
		Debug.AspNetCompiler.ForceOverwrite = "true"
		Debug.AspNetCompiler.FixedNames = "false"
		Debug.AspNetCompiler.Debug = "True"
		Release.AspNetCompiler.VirtualPath = "/HocLapTrinhWeb"
		Release.AspNetCompiler.PhysicalPath = "HocLapTrinhWeb\"
		Release.AspNetCompiler.TargetPath = "PrecompiledWeb\HocLapTrinhWeb\"
		Release.AspNetCompiler.Updateable = "true"
		Release.AspNetCompiler.ForceOverwrite = "true"
		Release.AspNetCompiler.FixedNames = "false"
		Release.AspNetCompiler.Debug = "False"
		DefaultWebSiteLanguage = "Visual C#"
	EndProjectSection
	ProjectSection(SvnOrigin) = preProject
		@Keys = Enlist,Svn.Uri
		Enlist = Required
		Svn.Uri = HocLapTrinhWeb/
	EndProjectSection
EndProject
Project("{FAE04EC0-301F-11D3-BF4B-00C04F79EFBC}") = "HocLapTrinhWeb.BLL", "HocLapTrinhWeb.BLL\HocLapTrinhWeb.BLL.csproj", "{74D8ED7C-1363-4E9B-9640-771409D3599E}"
EndProject
Project("{FAE04EC0-301F-11D3-BF4B-00C04F79EFBC}") = "HocLapTrinhWeb.UI", "HocLapTrinhWeb.UI\HocLapTrinhWeb.UI.csproj", "{4B2A1A68-1A24-424A-95BB-29475FB4E10B}"
EndProject
Project("{FAE04EC0-301F-11D3-BF4B-00C04F79EFBC}") = "HocLapTrinhWeb.DAL", "HocLapTrinhWeb.DAL\HocLapTrinhWeb.DAL.csproj", "{5EED6170-8745-4082-8497-CB0054B4FC36}"
EndProject
Project("{E24C65DC-7377-472B-9ABA-BC803B73C61A}") = "m_HocLapTrinhWeb", "m_HocLapTrinhWeb\", "{2254458A-0566-4A11-8BA0-62534A3850E8}"
	ProjectSection(WebsiteProperties) = preProject
		TargetFrameworkMoniker = ".NETFramework,Version%3Dv4.0"
		ProjectReferences = "{4B2A1A68-1A24-424A-95BB-29475FB4E10B}|HocLapTrinhWeb.UI.dll;{5EED6170-8745-4082-8497-CB0054B4FC36}|HocLapTrinhWeb.DAL.dll;{74D8ED7C-1363-4E9B-9640-771409D3599E}|HocLapTrinhWeb.BLL.dll;{7A40BEF4-9D2D-40EB-BFE1-772257CAF3F1}|HocLapTrinhWeb.Utilities.dll;"
		Debug.AspNetCompiler.VirtualPath = "/m_HocLapTrinhWeb"
		Debug.AspNetCompiler.PhysicalPath = "m_HocLapTrinhWeb\"
		Debug.AspNetCompiler.TargetPath = "PrecompiledWeb\m_HocLapTrinhWeb\"
		Debug.AspNetCompiler.Updateable = "true"
		Debug.AspNetCompiler.ForceOverwrite = "true"
		Debug.AspNetCompiler.FixedNames = "false"
		Debug.AspNetCompiler.Debug = "True"
		Release.AspNetCompiler.VirtualPath = "/m_HocLapTrinhWeb"
		Release.AspNetCompiler.PhysicalPath = "m_HocLapTrinhWeb\"
		Release.AspNetCompiler.TargetPath = "PrecompiledWeb\m_HocLapTrinhWeb\"
		Release.AspNetCompiler.Updateable = "true"
		Release.AspNetCompiler.ForceOverwrite = "true"
		Release.AspNetCompiler.FixedNames = "false"
		Release.AspNetCompiler.Debug = "False"
	EndProjectSection
EndProject
Project("{FAE04EC0-301F-11D3-BF4B-00C04F79EFBC}") = "HocLapTrinhWeb.Utilities", "HocLapTrinhWeb.Utilities\HocLapTrinhWeb.Utilities.csproj", "{7A40BEF4-9D2D-40EB-BFE1-772257CAF3F1}"
EndProject
Project("{FAE04EC0-301F-11D3-BF4B-00C04F79EFBC}") = "AutoNews", "AutoNews\AutoNews.csproj", "{EFE214B6-22A2-41BA-B8E7-D528F45D5A7D}"
EndProject
Project("{FAE04EC0-301F-11D3-BF4B-00C04F79EFBC}") = "Watermar", "Watermar\Watermar.csproj", "{AC91EC0A-ADD1-40ED-8014-05CD2D085ADA}"
EndProject
Project("{FAE04EC0-301F-11D3-BF4B-00C04F79EFBC}") = "MvcHocLapTrinhWeb", "MvcHocLapTrinhWeb\MvcHocLapTrinhWeb.csproj", "{670F3608-4DBA-4D1D-A2A0-5C237EA26E7D}"
EndProject
Global
	GlobalSection(SubversionScc) = preSolution
		Svn-Managed = True
		Manager = AnkhSVN - Subversion Support for Visual Studio
	EndGlobalSection
	GlobalSection(SolutionConfigurationPlatforms) = preSolution
		Debug|.NET = Debug|.NET
		Debug|Any CPU = Debug|Any CPU
		Debug|Mixed Platforms = Debug|Mixed Platforms
		Debug|x86 = Debug|x86
		Release|.NET = Release|.NET
		Release|Any CPU = Release|Any CPU
		Release|Mixed Platforms = Release|Mixed Platforms
		Release|x86 = Release|x86
	EndGlobalSection
	GlobalSection(ProjectConfigurationPlatforms) = postSolution
		{8E7A6398-F5DE-4158-8A86-ADCFB0114B83}.Debug|.NET.ActiveCfg = Debug|Any CPU
		{8E7A6398-F5DE-4158-8A86-ADCFB0114B83}.Debug|Any CPU.ActiveCfg = Debug|Any CPU
		{8E7A6398-F5DE-4158-8A86-ADCFB0114B83}.Debug|Any CPU.Build.0 = Debug|Any CPU
		{8E7A6398-F5DE-4158-8A86-ADCFB0114B83}.Debug|Mixed Platforms.ActiveCfg = Debug|Any CPU
		{8E7A6398-F5DE-4158-8A86-ADCFB0114B83}.Debug|Mixed Platforms.Build.0 = Debug|Any CPU
		{8E7A6398-F5DE-4158-8A86-ADCFB0114B83}.Debug|x86.ActiveCfg = Debug|Any CPU
		{8E7A6398-F5DE-4158-8A86-ADCFB0114B83}.Release|.NET.ActiveCfg = Debug|Any CPU
		{8E7A6398-F5DE-4158-8A86-ADCFB0114B83}.Release|Any CPU.ActiveCfg = Debug|Any CPU
		{8E7A6398-F5DE-4158-8A86-ADCFB0114B83}.Release|Any CPU.Build.0 = Debug|Any CPU
		{8E7A6398-F5DE-4158-8A86-ADCFB0114B83}.Release|Mixed Platforms.ActiveCfg = Debug|Any CPU
		{8E7A6398-F5DE-4158-8A86-ADCFB0114B83}.Release|Mixed Platforms.Build.0 = Debug|Any CPU
		{8E7A6398-F5DE-4158-8A86-ADCFB0114B83}.Release|x86.ActiveCfg = Debug|Any CPU
		{74D8ED7C-1363-4E9B-9640-771409D3599E}.Debug|.NET.ActiveCfg = Debug|Any CPU
		{74D8ED7C-1363-4E9B-9640-771409D3599E}.Debug|Any CPU.ActiveCfg = Debug|Any CPU
		{74D8ED7C-1363-4E9B-9640-771409D3599E}.Debug|Any CPU.Build.0 = Debug|Any CPU
		{74D8ED7C-1363-4E9B-9640-771409D3599E}.Debug|Mixed Platforms.ActiveCfg = Debug|Any CPU
		{74D8ED7C-1363-4E9B-9640-771409D3599E}.Debug|Mixed Platforms.Build.0 = Debug|Any CPU
		{74D8ED7C-1363-4E9B-9640-771409D3599E}.Debug|x86.ActiveCfg = Debug|Any CPU
		{74D8ED7C-1363-4E9B-9640-771409D3599E}.Release|.NET.ActiveCfg = Release|Any CPU
		{74D8ED7C-1363-4E9B-9640-771409D3599E}.Release|Any CPU.ActiveCfg = Release|Any CPU
		{74D8ED7C-1363-4E9B-9640-771409D3599E}.Release|Any CPU.Build.0 = Release|Any CPU
		{74D8ED7C-1363-4E9B-9640-771409D3599E}.Release|Mixed Platforms.ActiveCfg = Release|Any CPU
		{74D8ED7C-1363-4E9B-9640-771409D3599E}.Release|Mixed Platforms.Build.0 = Release|Any CPU
		{74D8ED7C-1363-4E9B-9640-771409D3599E}.Release|x86.ActiveCfg = Release|Any CPU
		{4B2A1A68-1A24-424A-95BB-29475FB4E10B}.Debug|.NET.ActiveCfg = Debug|Any CPU
		{4B2A1A68-1A24-424A-95BB-29475FB4E10B}.Debug|Any CPU.ActiveCfg = Debug|Any CPU
		{4B2A1A68-1A24-424A-95BB-29475FB4E10B}.Debug|Any CPU.Build.0 = Debug|Any CPU
		{4B2A1A68-1A24-424A-95BB-29475FB4E10B}.Debug|Mixed Platforms.ActiveCfg = Debug|Any CPU
		{4B2A1A68-1A24-424A-95BB-29475FB4E10B}.Debug|Mixed Platforms.Build.0 = Debug|Any CPU
		{4B2A1A68-1A24-424A-95BB-29475FB4E10B}.Debug|x86.ActiveCfg = Debug|Any CPU
		{4B2A1A68-1A24-424A-95BB-29475FB4E10B}.Release|.NET.ActiveCfg = Release|Any CPU
		{4B2A1A68-1A24-424A-95BB-29475FB4E10B}.Release|Any CPU.ActiveCfg = Release|Any CPU
		{4B2A1A68-1A24-424A-95BB-29475FB4E10B}.Release|Any CPU.Build.0 = Release|Any CPU
		{4B2A1A68-1A24-424A-95BB-29475FB4E10B}.Release|Mixed Platforms.ActiveCfg = Release|Any CPU
		{4B2A1A68-1A24-424A-95BB-29475FB4E10B}.Release|Mixed Platforms.Build.0 = Release|Any CPU
		{4B2A1A68-1A24-424A-95BB-29475FB4E10B}.Release|x86.ActiveCfg = Release|Any CPU
		{5EED6170-8745-4082-8497-CB0054B4FC36}.Debug|.NET.ActiveCfg = Debug|Any CPU
		{5EED6170-8745-4082-8497-CB0054B4FC36}.Debug|Any CPU.ActiveCfg = Debug|Any CPU
		{5EED6170-8745-4082-8497-CB0054B4FC36}.Debug|Any CPU.Build.0 = Debug|Any CPU
		{5EED6170-8745-4082-8497-CB0054B4FC36}.Debug|Mixed Platforms.ActiveCfg = Debug|Any CPU
		{5EED6170-8745-4082-8497-CB0054B4FC36}.Debug|Mixed Platforms.Build.0 = Debug|Any CPU
		{5EED6170-8745-4082-8497-CB0054B4FC36}.Debug|x86.ActiveCfg = Debug|Any CPU
		{5EED6170-8745-4082-8497-CB0054B4FC36}.Release|.NET.ActiveCfg = Release|Any CPU
		{5EED6170-8745-4082-8497-CB0054B4FC36}.Release|Any CPU.ActiveCfg = Release|Any CPU
		{5EED6170-8745-4082-8497-CB0054B4FC36}.Release|Any CPU.Build.0 = Release|Any CPU
		{5EED6170-8745-4082-8497-CB0054B4FC36}.Release|Mixed Platforms.ActiveCfg = Release|Any CPU
		{5EED6170-8745-4082-8497-CB0054B4FC36}.Release|Mixed Platforms.Build.0 = Release|Any CPU
		{5EED6170-8745-4082-8497-CB0054B4FC36}.Release|x86.ActiveCfg = Release|Any CPU
		{2254458A-0566-4A11-8BA0-62534A3850E8}.Debug|.NET.ActiveCfg = Debug|Any CPU
		{2254458A-0566-4A11-8BA0-62534A3850E8}.Debug|Any CPU.ActiveCfg = Debug|Any CPU
		{2254458A-0566-4A11-8BA0-62534A3850E8}.Debug|Any CPU.Build.0 = Debug|Any CPU
		{2254458A-0566-4A11-8BA0-62534A3850E8}.Debug|Mixed Platforms.ActiveCfg = Debug|Any CPU
		{2254458A-0566-4A11-8BA0-62534A3850E8}.Debug|Mixed Platforms.Build.0 = Debug|Any CPU
		{2254458A-0566-4A11-8BA0-62534A3850E8}.Debug|x86.ActiveCfg = Debug|Any CPU
		{2254458A-0566-4A11-8BA0-62534A3850E8}.Release|.NET.ActiveCfg = Debug|Any CPU
		{2254458A-0566-4A11-8BA0-62534A3850E8}.Release|Any CPU.ActiveCfg = Debug|Any CPU
		{2254458A-0566-4A11-8BA0-62534A3850E8}.Release|Any CPU.Build.0 = Debug|Any CPU
		{2254458A-0566-4A11-8BA0-62534A3850E8}.Release|Mixed Platforms.ActiveCfg = Debug|Any CPU
		{2254458A-0566-4A11-8BA0-62534A3850E8}.Release|Mixed Platforms.Build.0 = Debug|Any CPU
		{2254458A-0566-4A11-8BA0-62534A3850E8}.Release|x86.ActiveCfg = Debug|Any CPU
		{7A40BEF4-9D2D-40EB-BFE1-772257CAF3F1}.Debug|.NET.ActiveCfg = Debug|Any CPU
		{7A40BEF4-9D2D-40EB-BFE1-772257CAF3F1}.Debug|Any CPU.ActiveCfg = Debug|Any CPU
		{7A40BEF4-9D2D-40EB-BFE1-772257CAF3F1}.Debug|Any CPU.Build.0 = Debug|Any CPU
		{7A40BEF4-9D2D-40EB-BFE1-772257CAF3F1}.Debug|Mixed Platforms.ActiveCfg = Debug|Any CPU
		{7A40BEF4-9D2D-40EB-BFE1-772257CAF3F1}.Debug|Mixed Platforms.Build.0 = Debug|Any CPU
		{7A40BEF4-9D2D-40EB-BFE1-772257CAF3F1}.Debug|x86.ActiveCfg = Debug|Any CPU
		{7A40BEF4-9D2D-40EB-BFE1-772257CAF3F1}.Release|.NET.ActiveCfg = Release|Any CPU
		{7A40BEF4-9D2D-40EB-BFE1-772257CAF3F1}.Release|Any CPU.ActiveCfg = Release|Any CPU
		{7A40BEF4-9D2D-40EB-BFE1-772257CAF3F1}.Release|Any CPU.Build.0 = Release|Any CPU
		{7A40BEF4-9D2D-40EB-BFE1-772257CAF3F1}.Release|Mixed Platforms.ActiveCfg = Release|Any CPU
		{7A40BEF4-9D2D-40EB-BFE1-772257CAF3F1}.Release|Mixed Platforms.Build.0 = Release|Any CPU
		{7A40BEF4-9D2D-40EB-BFE1-772257CAF3F1}.Release|x86.ActiveCfg = Release|Any CPU
		{EFE214B6-22A2-41BA-B8E7-D528F45D5A7D}.Debug|.NET.ActiveCfg = Debug|x86
		{EFE214B6-22A2-41BA-B8E7-D528F45D5A7D}.Debug|Any CPU.ActiveCfg = Debug|x86
		{EFE214B6-22A2-41BA-B8E7-D528F45D5A7D}.Debug|Mixed Platforms.ActiveCfg = Debug|x86
		{EFE214B6-22A2-41BA-B8E7-D528F45D5A7D}.Debug|Mixed Platforms.Build.0 = Debug|x86
		{EFE214B6-22A2-41BA-B8E7-D528F45D5A7D}.Debug|x86.ActiveCfg = Debug|x86
		{EFE214B6-22A2-41BA-B8E7-D528F45D5A7D}.Debug|x86.Build.0 = Debug|x86
		{EFE214B6-22A2-41BA-B8E7-D528F45D5A7D}.Release|.NET.ActiveCfg = Release|x86
		{EFE214B6-22A2-41BA-B8E7-D528F45D5A7D}.Release|Any CPU.ActiveCfg = Release|x86
		{EFE214B6-22A2-41BA-B8E7-D528F45D5A7D}.Release|Mixed Platforms.ActiveCfg = Release|x86
		{EFE214B6-22A2-41BA-B8E7-D528F45D5A7D}.Release|Mixed Platforms.Build.0 = Release|x86
		{EFE214B6-22A2-41BA-B8E7-D528F45D5A7D}.Release|x86.ActiveCfg = Release|x86
		{EFE214B6-22A2-41BA-B8E7-D528F45D5A7D}.Release|x86.Build.0 = Release|x86
		{AC91EC0A-ADD1-40ED-8014-05CD2D085ADA}.Debug|.NET.ActiveCfg = Debug|Any CPU
		{AC91EC0A-ADD1-40ED-8014-05CD2D085ADA}.Debug|Any CPU.ActiveCfg = Debug|Any CPU
		{AC91EC0A-ADD1-40ED-8014-05CD2D085ADA}.Debug|Any CPU.Build.0 = Debug|Any CPU
		{AC91EC0A-ADD1-40ED-8014-05CD2D085ADA}.Debug|Mixed Platforms.ActiveCfg = Debug|Any CPU
		{AC91EC0A-ADD1-40ED-8014-05CD2D085ADA}.Debug|Mixed Platforms.Build.0 = Debug|Any CPU
		{AC91EC0A-ADD1-40ED-8014-05CD2D085ADA}.Debug|x86.ActiveCfg = Debug|Any CPU
		{AC91EC0A-ADD1-40ED-8014-05CD2D085ADA}.Release|.NET.ActiveCfg = Release|Any CPU
		{AC91EC0A-ADD1-40ED-8014-05CD2D085ADA}.Release|Any CPU.ActiveCfg = Release|Any CPU
		{AC91EC0A-ADD1-40ED-8014-05CD2D085ADA}.Release|Any CPU.Build.0 = Release|Any CPU
		{AC91EC0A-ADD1-40ED-8014-05CD2D085ADA}.Release|Mixed Platforms.ActiveCfg = Release|Any CPU
		{AC91EC0A-ADD1-40ED-8014-05CD2D085ADA}.Release|Mixed Platforms.Build.0 = Release|Any CPU
		{AC91EC0A-ADD1-40ED-8014-05CD2D085ADA}.Release|x86.ActiveCfg = Release|Any CPU
		{670F3608-4DBA-4D1D-A2A0-5C237EA26E7D}.Debug|.NET.ActiveCfg = Debug|Any CPU
		{670F3608-4DBA-4D1D-A2A0-5C237EA26E7D}.Debug|Any CPU.ActiveCfg = Debug|Any CPU
		{670F3608-4DBA-4D1D-A2A0-5C237EA26E7D}.Debug|Any CPU.Build.0 = Debug|Any CPU
		{670F3608-4DBA-4D1D-A2A0-5C237EA26E7D}.Debug|Mixed Platforms.ActiveCfg = Debug|Any CPU
		{670F3608-4DBA-4D1D-A2A0-5C237EA26E7D}.Debug|Mixed Platforms.Build.0 = Debug|Any CPU
		{670F3608-4DBA-4D1D-A2A0-5C237EA26E7D}.Debug|x86.ActiveCfg = Debug|Any CPU
		{670F3608-4DBA-4D1D-A2A0-5C237EA26E7D}.Release|.NET.ActiveCfg = Release|Any CPU
		{670F3608-4DBA-4D1D-A2A0-5C237EA26E7D}.Release|Any CPU.ActiveCfg = Release|Any CPU
		{670F3608-4DBA-4D1D-A2A0-5C237EA26E7D}.Release|Any CPU.Build.0 = Release|Any CPU
		{670F3608-4DBA-4D1D-A2A0-5C237EA26E7D}.Release|Mixed Platforms.ActiveCfg = Release|Any CPU
		{670F3608-4DBA-4D1D-A2A0-5C237EA26E7D}.Release|Mixed Platforms.Build.0 = Release|Any CPU
		{670F3608-4DBA-4D1D-A2A0-5C237EA26E7D}.Release|x86.ActiveCfg = Release|Any CPU
	EndGlobalSection
	GlobalSection(SolutionProperties) = preSolution
		HideSolutionNode = FALSE
	EndGlobalSection
EndGlobal
